
Microsoft Visual Studio Solution File, Format Version 12.00
# Visual Studio 15
VisualStudioVersion = 15.0.28307.1231
MinimumVisualStudioVersion = 10.0.40219.1
Project("{FAE04EC0-301F-11D3-BF4B-00C04F79EFBC}") = "TechProject3B", "TechProject3B\TechProject3B.csproj", "{FD5FED20-2C18-4FB9-833D-774E0BC13D1A}"
EndProject
Global
	GlobalSection(SolutionConfigurationPlatforms) = preSolution
		Debug|Any CPU = Debug|Any CPU
		Release|Any CPU = Release|Any CPU
	EndGlobalSection
	GlobalSection(ProjectConfigurationPlatforms) = postSolution
		{FD5FED20-2C18-4FB9-833D-774E0BC13D1A}.Debug|Any CPU.ActiveCfg = Debug|Any CPU
		{FD5FED20-2C18-4FB9-833D-774E0BC13D1A}.Debug|Any CPU.Build.0 = Debug|Any CPU
		{FD5FED20-2C18-4FB9-833D-774E0BC13D1A}.Release|Any CPU.ActiveCfg = Release|Any CPU
		{FD5FED20-2C18-4FB9-833D-774E0BC13D1A}.Release|Any CPU.Build.0 = Release|Any CPU
	EndGlobalSection
	GlobalSection(SolutionProperties) = preSolution
		HideSolutionNode = FALSE
	EndGlobalSection
	GlobalSection(ExtensibilityGlobals) = postSolution
		SolutionGuid = {BFD1ED63-64C9-43D0-8519-B0C7E114F5F3}
	EndGlobalSection
EndGlobal
